
Microsoft Visual Studio Solution File, Format Version 12.00
# Visual Studio Version 17
VisualStudioVersion = 17.4.33213.308
MinimumVisualStudioVersion = 10.0.40219.1
Project("{FAE04EC0-301F-11D3-BF4B-00C04F79EFBC}") = "ConsoleApp5", "ConsoleApp5.csproj", "{7F19A6A1-C9B1-4977-B14D-99ECC0E0D466}"
EndProject
Global
	GlobalSection(SolutionConfigurationPlatforms) = preSolution
		Debug|Any CPU = Debug|Any CPU
		Release|Any CPU = Release|Any CPU
	EndGlobalSection
	GlobalSection(ProjectConfigurationPlatforms) = postSolution
		{7F19A6A1-C9B1-4977-B14D-99ECC0E0D466}.Debug|Any CPU.ActiveCfg = Debug|Any CPU
		{7F19A6A1-C9B1-4977-B14D-99ECC0E0D466}.Debug|Any CPU.Build.0 = Debug|Any CPU
		{7F19A6A1-C9B1-4977-B14D-99ECC0E0D466}.Release|Any CPU.ActiveCfg = Release|Any CPU
		{7F19A6A1-C9B1-4977-B14D-99ECC0E0D466}.Release|Any CPU.Build.0 = Release|Any CPU
	EndGlobalSection
	GlobalSection(SolutionProperties) = preSolution
		HideSolutionNode = FALSE
	EndGlobalSection
	GlobalSection(ExtensibilityGlobals) = postSolution
		SolutionGuid = {1F5FF048-0F6E-492B-B73C-4774E1ED1EA8}
	EndGlobalSection
EndGlobal
